
Microsoft Visual Studio Solution File, Format Version 12.00
# Visual Studio Version 17
VisualStudioVersion = 17.5.002.0
MinimumVisualStudioVersion = 10.0.40219.1
Project("{9A19103F-16F7-4668-BE54-9A1E7A4F7556}") = "EMR", "EMR.csproj", "{19067C6A-DD45-460B-B0BD-F61DEEAC09CF}"
EndProject
Global
	GlobalSection(SolutionConfigurationPlatforms) = preSolution
		Debug|Any CPU = Debug|Any CPU
		Release|Any CPU = Release|Any CPU
	EndGlobalSection
	GlobalSection(ProjectConfigurationPlatforms) = postSolution
		{19067C6A-DD45-460B-B0BD-F61DEEAC09CF}.Debug|Any CPU.ActiveCfg = Debug|Any CPU
		{19067C6A-DD45-460B-B0BD-F61DEEAC09CF}.Debug|Any CPU.Build.0 = Debug|Any CPU
		{19067C6A-DD45-460B-B0BD-F61DEEAC09CF}.Release|Any CPU.ActiveCfg = Release|Any CPU
		{19067C6A-DD45-460B-B0BD-F61DEEAC09CF}.Release|Any CPU.Build.0 = Release|Any CPU
	EndGlobalSection
	GlobalSection(SolutionProperties) = preSolution
		HideSolutionNode = FALSE
	EndGlobalSection
	GlobalSection(ExtensibilityGlobals) = postSolution
		SolutionGuid = {03112D13-16A9-4FAD-A437-998E2C497641}
	EndGlobalSection
EndGlobal
